
Microsoft Visual Studio Solution File, Format Version 12.00
# Visual Studio Version 17
VisualStudioVersion = 17.14.37614.0
MinimumVisualStudioVersion = 10.0.40219.1
Project("{8BC9CEB8-8B4A-11D0-8D11-00A0C91BC942}") = "lesson40solution", "lesson40solution\lesson40solution.vcxproj", "{1F5DE8E4-A754-4E1A-AAF3-A669860E22A7}"
EndProject
Project("{8BC9CEB8-8B4A-11D0-8D11-00A0C91BC942}") = "Task02", "solution2\solution2.vcxproj", "{74FC1DDB-2B31-4A76-9B3F-CFE2FD22A3C6}"
EndProject
Project("{8BC9CEB8-8B4A-11D0-8D11-00A0C91BC942}") = "task03", "task03\task03.vcxproj", "{44C39180-20DC-4926-BCD5-39E32904B943}"
EndProject
Project("{8BC9CEB8-8B4A-11D0-8D11-00A0C91BC942}") = "task04", "task04\task04.vcxproj", "{1B5EE31B-75F7-4B37-BC60-8112EF86C5FB}"
EndProject
Project("{8BC9CEB8-8B4A-11D0-8D11-00A0C91BC942}") = "task05", "task05\task05.vcxproj", "{578FAA62-7327-4B2A-ACFA-13FC405D9200}"
EndProject
Global
	GlobalSection(SolutionConfigurationPlatforms) = preSolution
		Debug|x64 = Debug|x64
		Debug|x86 = Debug|x86
		Release|x64 = Release|x64
		Release|x86 = Release|x86
	EndGlobalSection
	GlobalSection(ProjectConfigurationPlatforms) = postSolution
		{1F5DE8E4-A754-4E1A-AAF3-A669860E22A7}.Debug|x64.ActiveCfg = Debug|x64
		{1F5DE8E4-A754-4E1A-AAF3-A669860E22A7}.Debug|x64.Build.0 = Debug|x64
		{1F5DE8E4-A754-4E1A-AAF3-A669860E22A7}.Debug|x86.ActiveCfg = Debug|Win32
		{1F5DE8E4-A754-4E1A-AAF3-A669860E22A7}.Debug|x86.Build.0 = Debug|Win32
		{1F5DE8E4-A754-4E1A-AAF3-A669860E22A7}.Release|x64.ActiveCfg = Release|x64
		{1F5DE8E4-A754-4E1A-AAF3-A669860E22A7}.Release|x64.Build.0 = Release|x64
		{1F5DE8E4-A754-4E1A-AAF3-A669860E22A7}.Release|x86.ActiveCfg = Release|Win32
		{1F5DE8E4-A754-4E1A-AAF3-A669860E22A7}.Release|x86.Build.0 = Release|Win32
		{74FC1DDB-2B31-4A76-9B3F-CFE2FD22A3C6}.Debug|x64.ActiveCfg = Debug|x64
		{74FC1DDB-2B31-4A76-9B3F-CFE2FD22A3C6}.Debug|x64.Build.0 = Debug|x64
		{74FC1DDB-2B31-4A76-9B3F-CFE2FD22A3C6}.Debug|x86.ActiveCfg = Debug|Win32
		{74FC1DDB-2B31-4A76-9B3F-CFE2FD22A3C6}.Debug|x86.Build.0 = Debug|Win32
		{74FC1DDB-2B31-4A76-9B3F-CFE2FD22A3C6}.Release|x64.ActiveCfg = Release|x64
		{74FC1DDB-2B31-4A76-9B3F-CFE2FD22A3C6}.Release|x64.Build.0 = Release|x64
		{74FC1DDB-2B31-4A76-9B3F-CFE2FD22A3C6}.Release|x86.ActiveCfg = Release|Win32
		{74FC1DDB-2B31-4A76-9B3F-CFE2FD22A3C6}.Release|x86.Build.0 = Release|Win32
		{44C39180-20DC-4926-BCD5-39E32904B943}.Debug|x64.ActiveCfg = Debug|x64
		{44C39180-20DC-4926-BCD5-39E32904B943}.Debug|x64.Build.0 = Debug|x64
		{44C39180-20DC-4926-BCD5-39E32904B943}.Debug|x86.ActiveCfg = Debug|Win32
		{44C39180-20DC-4926-BCD5-39E32904B943}.Debug|x86.Build.0 = Debug|Win32
		{44C39180-20DC-4926-BCD5-39E32904B943}.Release|x64.ActiveCfg = Release|x64
		{44C39180-20DC-4926-BCD5-39E32904B943}.Release|x64.Build.0 = Release|x64
		{44C39180-20DC-4926-BCD5-39E32904B943}.Release|x86.ActiveCfg = Release|Win32
		{44C39180-20DC-4926-BCD5-39E32904B943}.Release|x86.Build.0 = Release|Win32
		{1B5EE31B-75F7-4B37-BC60-8112EF86C5FB}.Debug|x64.ActiveCfg = Debug|x64
		{1B5EE31B-75F7-4B37-BC60-8112EF86C5FB}.Debug|x64.Build.0 = Debug|x64
		{1B5EE31B-75F7-4B37-BC60-8112EF86C5FB}.Debug|x86.ActiveCfg = Debug|Win32
		{1B5EE31B-75F7-4B37-BC60-8112EF86C5FB}.Debug|x86.Build.0 = Debug|Win32
		{1B5EE31B-75F7-4B37-BC60-8112EF86C5FB}.Release|x64.ActiveCfg = Release|x64
		{1B5EE31B-75F7-4B37-BC60-8112EF86C5FB}.Release|x64.Build.0 = Release|x64
		{1B5EE31B-75F7-4B37-BC60-8112EF86C5FB}.Release|x86.ActiveCfg = Release|Win32
		{1B5EE31B-75F7-4B37-BC60-8112EF86C5FB}.Release|x86.Build.0 = Release|Win32
		{578FAA62-7327-4B2A-ACFA-13FC405D9200}.Debug|x64.ActiveCfg = Debug|x64
		{578FAA62-7327-4B2A-ACFA-13FC405D9200}.Debug|x64.Build.0 = Debug|x64
		{578FAA62-7327-4B2A-ACFA-13FC405D9200}.Debug|x86.ActiveCfg = Debug|Win32
		{578FAA62-7327-4B2A-ACFA-13FC405D9200}.Debug|x86.Build.0 = Debug|Win32
		{578FAA62-7327-4B2A-ACFA-13FC405D9200}.Release|x64.ActiveCfg = Release|x64
		{578FAA62-7327-4B2A-ACFA-13FC405D9200}.Release|x64.Build.0 = Release|x64
		{578FAA62-7327-4B2A-ACFA-13FC405D9200}.Release|x86.ActiveCfg = Release|Win32
		{578FAA62-7327-4B2A-ACFA-13FC405D9200}.Release|x86.Build.0 = Release|Win32
	EndGlobalSection
	GlobalSection(SolutionProperties) = preSolution
		HideSolutionNode = FALSE
	EndGlobalSection
	GlobalSection(ExtensibilityGlobals) = postSolution
		SolutionGuid = {267374B5-52C4-4825-BDE6-1FDD9305FF2A}
	EndGlobalSection
EndGlobal
